# This file is generated by running "yarn install" inside your project.
# Manual changes might be lost - proceed with caution!

__metadata:
  version: 4
  cacheKey: 7

"prettier@npm:^2.3.2":
  version: 2.3.2
  resolution: "prettier@npm:2.3.2"
  bin:
    prettier: bin-prettier.js
  checksum: 4fd89a7f6a12b13456d359fba2b1dd0fc0a17cf33f8f15953ab9f43b21ea9b09b5a2861d63b558ca0577274ce606d390e70628cf93e26d19d6cb7f19c9eebc31
  languageName: node
  linkType: hard

"reading-list@workspace:.":
  version: 0.0.0-use.local
  resolution: "reading-list@workspace:."
  dependencies:
    prettier: ^2.3.2
  languageName: unknown
  linkType: soft
